
Microsoft Visual Studio Solution File, Format Version 12.00
# Visual Studio 2012
Project("{FAE04EC0-301F-11D3-BF4B-00C04F79EFBC}") = "DNStudy", "DNStudy\DNStudy.csproj", "{C8127ACD-BB1F-4B8F-8AEF-D5E2C45A417D}"
EndProject
Global
	GlobalSection(SolutionConfigurationPlatforms) = preSolution
		Debug|Any CPU = Debug|Any CPU
		Debug|x64 = Debug|x64
		Release|Any CPU = Release|Any CPU
		Release|x64 = Release|x64
	EndGlobalSection
	GlobalSection(ProjectConfigurationPlatforms) = postSolution
		{C8127ACD-BB1F-4B8F-8AEF-D5E2C45A417D}.Debug|Any CPU.ActiveCfg = Debug|Any CPU
		{C8127ACD-BB1F-4B8F-8AEF-D5E2C45A417D}.Debug|Any CPU.Build.0 = Debug|Any CPU
		{C8127ACD-BB1F-4B8F-8AEF-D5E2C45A417D}.Debug|x64.ActiveCfg = Debug|x64
		{C8127ACD-BB1F-4B8F-8AEF-D5E2C45A417D}.Debug|x64.Build.0 = Debug|x64
		{C8127ACD-BB1F-4B8F-8AEF-D5E2C45A417D}.Release|Any CPU.ActiveCfg = Release|Any CPU
		{C8127ACD-BB1F-4B8F-8AEF-D5E2C45A417D}.Release|Any CPU.Build.0 = Release|Any CPU
		{C8127ACD-BB1F-4B8F-8AEF-D5E2C45A417D}.Release|x64.ActiveCfg = Release|x64
		{C8127ACD-BB1F-4B8F-8AEF-D5E2C45A417D}.Release|x64.Build.0 = Release|x64
	EndGlobalSection
	GlobalSection(SolutionProperties) = preSolution
		HideSolutionNode = FALSE
	EndGlobalSection
EndGlobal
